
Microsoft Visual Studio Solution File, Format Version 12.00
# Visual Studio Version 17
VisualStudioVersion = 17.7.34221.43
MinimumVisualStudioVersion = 10.0.40219.1
Project("{FAE04EC0-301F-11D3-BF4B-00C04F79EFBC}") = "CluedoNotes", "CluedoNotes\CluedoNotes.csproj", "{3A6BA816-0759-4788-B272-EAFAAA017B94}"
EndProject
Global
	GlobalSection(SolutionConfigurationPlatforms) = preSolution
		Debug|Any CPU = Debug|Any CPU
		Release|Any CPU = Release|Any CPU
	EndGlobalSection
	GlobalSection(ProjectConfigurationPlatforms) = postSolution
		{3A6BA816-0759-4788-B272-EAFAAA017B94}.Debug|Any CPU.ActiveCfg = Debug|Any CPU
		{3A6BA816-0759-4788-B272-EAFAAA017B94}.Debug|Any CPU.Build.0 = Debug|Any CPU
		{3A6BA816-0759-4788-B272-EAFAAA017B94}.Debug|Any CPU.Deploy.0 = Debug|Any CPU
		{3A6BA816-0759-4788-B272-EAFAAA017B94}.Release|Any CPU.ActiveCfg = Release|Any CPU
		{3A6BA816-0759-4788-B272-EAFAAA017B94}.Release|Any CPU.Build.0 = Release|Any CPU
		{3A6BA816-0759-4788-B272-EAFAAA017B94}.Release|Any CPU.Deploy.0 = Release|Any CPU
	EndGlobalSection
	GlobalSection(SolutionProperties) = preSolution
		HideSolutionNode = FALSE
	EndGlobalSection
	GlobalSection(ExtensibilityGlobals) = postSolution
		SolutionGuid = {440E6643-C137-41C9-AD0D-4C9C569FCF3C}
	EndGlobalSection
EndGlobal
